
Microsoft Visual Studio Solution File, Format Version 12.00
# Visual Studio Version 16
VisualStudioVersion = 16.0.29911.84
MinimumVisualStudioVersion = 10.0.40219.1
Project("{9A19103F-16F7-4668-BE54-9A1E7A4F7556}") = "Plush", "Plush.csproj", "{6C805035-CCF0-4C19-8364-7CF35BF3C95D}"
EndProject
Project("{9A19103F-16F7-4668-BE54-9A1E7A4F7556}") = "Plush.DataAccessLayer.Domain", "..\Plush.DataAccessLayer.Domain\Plush.DataAccessLayer.Domain.csproj", "{D3C5026C-9389-4892-8EC9-7020107F6A9D}"
EndProject
Project("{9A19103F-16F7-4668-BE54-9A1E7A4F7556}") = "Plush.DataAccessLayer.Repository", "..\Plush.DataAccessLayer.Repository\Plush.DataAccessLayer.Repository.csproj", "{2F5DB124-298B-475C-AA6B-72BEEE6FD1B0}"
EndProject
Project("{FAE04EC0-301F-11D3-BF4B-00C04F79EFBC}") = "Plush.BusinessLogicLayer.Repository", "..\Plush.BusinessLogicLayer.Repository\Plush.BusinessLogicLayer.Repository.csproj", "{40CA38F5-D818-42C8-8B2D-1021E98CC5F7}"
EndProject
Project("{FAE04EC0-301F-11D3-BF4B-00C04F79EFBC}") = "Plush.BusinessLogicLayer.Service", "..\Plush.BusinessLogicLayer.Service\Plush.BusinessLogicLayer.Service.csproj", "{9BDDB98F-1C32-4E26-8A72-366BB32C1069}"
EndProject
Global
	GlobalSection(SolutionConfigurationPlatforms) = preSolution
		Debug|Any CPU = Debug|Any CPU
		Release|Any CPU = Release|Any CPU
	EndGlobalSection
	GlobalSection(ProjectConfigurationPlatforms) = postSolution
		{6C805035-CCF0-4C19-8364-7CF35BF3C95D}.Debug|Any CPU.ActiveCfg = Debug|Any CPU
		{6C805035-CCF0-4C19-8364-7CF35BF3C95D}.Debug|Any CPU.Build.0 = Debug|Any CPU
		{6C805035-CCF0-4C19-8364-7CF35BF3C95D}.Release|Any CPU.ActiveCfg = Release|Any CPU
		{6C805035-CCF0-4C19-8364-7CF35BF3C95D}.Release|Any CPU.Build.0 = Release|Any CPU
		{D3C5026C-9389-4892-8EC9-7020107F6A9D}.Debug|Any CPU.ActiveCfg = Debug|Any CPU
		{D3C5026C-9389-4892-8EC9-7020107F6A9D}.Debug|Any CPU.Build.0 = Debug|Any CPU
		{D3C5026C-9389-4892-8EC9-7020107F6A9D}.Release|Any CPU.ActiveCfg = Release|Any CPU
		{D3C5026C-9389-4892-8EC9-7020107F6A9D}.Release|Any CPU.Build.0 = Release|Any CPU
		{2F5DB124-298B-475C-AA6B-72BEEE6FD1B0}.Debug|Any CPU.ActiveCfg = Debug|Any CPU
		{2F5DB124-298B-475C-AA6B-72BEEE6FD1B0}.Debug|Any CPU.Build.0 = Debug|Any CPU
		{2F5DB124-298B-475C-AA6B-72BEEE6FD1B0}.Release|Any CPU.ActiveCfg = Release|Any CPU
		{2F5DB124-298B-475C-AA6B-72BEEE6FD1B0}.Release|Any CPU.Build.0 = Release|Any CPU
		{40CA38F5-D818-42C8-8B2D-1021E98CC5F7}.Debug|Any CPU.ActiveCfg = Debug|Any CPU
		{40CA38F5-D818-42C8-8B2D-1021E98CC5F7}.Debug|Any CPU.Build.0 = Debug|Any CPU
		{40CA38F5-D818-42C8-8B2D-1021E98CC5F7}.Release|Any CPU.ActiveCfg = Release|Any CPU
		{40CA38F5-D818-42C8-8B2D-1021E98CC5F7}.Release|Any CPU.Build.0 = Release|Any CPU
		{9BDDB98F-1C32-4E26-8A72-366BB32C1069}.Debug|Any CPU.ActiveCfg = Debug|Any CPU
		{9BDDB98F-1C32-4E26-8A72-366BB32C1069}.Debug|Any CPU.Build.0 = Debug|Any CPU
		{9BDDB98F-1C32-4E26-8A72-366BB32C1069}.Release|Any CPU.ActiveCfg = Release|Any CPU
		{9BDDB98F-1C32-4E26-8A72-366BB32C1069}.Release|Any CPU.Build.0 = Release|Any CPU
	EndGlobalSection
	GlobalSection(SolutionProperties) = preSolution
		HideSolutionNode = FALSE
	EndGlobalSection
	GlobalSection(ExtensibilityGlobals) = postSolution
		SolutionGuid = {0B9E354E-F1D0-4388-AF93-08CDACA65205}
	EndGlobalSection
EndGlobal
